
Microsoft Visual Studio Solution File, Format Version 12.00
# Visual Studio Version 17
VisualStudioVersion = 17.8.34525.116
MinimumVisualStudioVersion = 10.0.40219.1
Project("{FAE04EC0-301F-11D3-BF4B-00C04F79EFBC}") = "RevueCraftersTests", "RevueCraftersTests\RevueCraftersTests.csproj", "{DD183FE6-87BF-4FBA-BF12-93590F8B5701}"
EndProject
Global
	GlobalSection(SolutionConfigurationPlatforms) = preSolution
		Debug|Any CPU = Debug|Any CPU
		Release|Any CPU = Release|Any CPU
	EndGlobalSection
	GlobalSection(ProjectConfigurationPlatforms) = postSolution
		{DD183FE6-87BF-4FBA-BF12-93590F8B5701}.Debug|Any CPU.ActiveCfg = Debug|Any CPU
		{DD183FE6-87BF-4FBA-BF12-93590F8B5701}.Debug|Any CPU.Build.0 = Debug|Any CPU
		{DD183FE6-87BF-4FBA-BF12-93590F8B5701}.Release|Any CPU.ActiveCfg = Release|Any CPU
		{DD183FE6-87BF-4FBA-BF12-93590F8B5701}.Release|Any CPU.Build.0 = Release|Any CPU
	EndGlobalSection
	GlobalSection(SolutionProperties) = preSolution
		HideSolutionNode = FALSE
	EndGlobalSection
	GlobalSection(ExtensibilityGlobals) = postSolution
		SolutionGuid = {1F867870-D99B-4568-9B72-AB9B0743EB39}
	EndGlobalSection
EndGlobal
